
Microsoft Visual Studio Solution File, Format Version 12.00
Project("{FAE04EC0-301F-11D3-BF4B-00C04F79EFBC}") = "UserNotificationFactory", "UserNotificationFactory.csproj", "{7AE0A2AE-2730-4EFC-807F-6DD0F1525E10}"
EndProject
Global
	GlobalSection(SolutionConfigurationPlatforms) = preSolution
		Debug|Any CPU = Debug|Any CPU
		Release|Any CPU = Release|Any CPU
	EndGlobalSection
	GlobalSection(ProjectConfigurationPlatforms) = postSolution
		{7AE0A2AE-2730-4EFC-807F-6DD0F1525E10}.Debug|Any CPU.ActiveCfg = Debug|Any CPU
		{7AE0A2AE-2730-4EFC-807F-6DD0F1525E10}.Debug|Any CPU.Build.0 = Debug|Any CPU
		{7AE0A2AE-2730-4EFC-807F-6DD0F1525E10}.Release|Any CPU.ActiveCfg = Release|Any CPU
		{7AE0A2AE-2730-4EFC-807F-6DD0F1525E10}.Release|Any CPU.Build.0 = Release|Any CPU
	EndGlobalSection
EndGlobal
